
Microsoft Visual Studio Solution File, Format Version 12.00
# Visual Studio 15
VisualStudioVersion = 15.0.26124.0
MinimumVisualStudioVersion = 15.0.26124.0
Project("{FAE04EC0-301F-11D3-BF4B-00C04F79EFBC}") = "Domain", "Domain\Domain.csproj", "{D801FBDF-BE05-4E99-92A8-45FD750FE79D}"
EndProject
Project("{FAE04EC0-301F-11D3-BF4B-00C04F79EFBC}") = "Application", "Application\Application.csproj", "{52EBBC44-9074-45A4-A766-D17F8309B18E}"
EndProject
Project("{FAE04EC0-301F-11D3-BF4B-00C04F79EFBC}") = "Persistence", "Persistence\Persistence.csproj", "{4E04818D-0811-46B3-928F-E6DC93C6865E}"
EndProject
Project("{FAE04EC0-301F-11D3-BF4B-00C04F79EFBC}") = "API", "API\API.csproj", "{CDE6CE54-EB29-495C-854C-49114AD96BBF}"
EndProject
Global
	GlobalSection(SolutionConfigurationPlatforms) = preSolution
		Debug|Any CPU = Debug|Any CPU
		Debug|x64 = Debug|x64
		Debug|x86 = Debug|x86
		Release|Any CPU = Release|Any CPU
		Release|x64 = Release|x64
		Release|x86 = Release|x86
	EndGlobalSection
	GlobalSection(SolutionProperties) = preSolution
		HideSolutionNode = FALSE
	EndGlobalSection
	GlobalSection(ProjectConfigurationPlatforms) = postSolution
		{D801FBDF-BE05-4E99-92A8-45FD750FE79D}.Debug|Any CPU.ActiveCfg = Debug|Any CPU
		{D801FBDF-BE05-4E99-92A8-45FD750FE79D}.Debug|Any CPU.Build.0 = Debug|Any CPU
		{D801FBDF-BE05-4E99-92A8-45FD750FE79D}.Debug|x64.ActiveCfg = Debug|Any CPU
		{D801FBDF-BE05-4E99-92A8-45FD750FE79D}.Debug|x64.Build.0 = Debug|Any CPU
		{D801FBDF-BE05-4E99-92A8-45FD750FE79D}.Debug|x86.ActiveCfg = Debug|Any CPU
		{D801FBDF-BE05-4E99-92A8-45FD750FE79D}.Debug|x86.Build.0 = Debug|Any CPU
		{D801FBDF-BE05-4E99-92A8-45FD750FE79D}.Release|Any CPU.ActiveCfg = Release|Any CPU
		{D801FBDF-BE05-4E99-92A8-45FD750FE79D}.Release|Any CPU.Build.0 = Release|Any CPU
		{D801FBDF-BE05-4E99-92A8-45FD750FE79D}.Release|x64.ActiveCfg = Release|Any CPU
		{D801FBDF-BE05-4E99-92A8-45FD750FE79D}.Release|x64.Build.0 = Release|Any CPU
		{D801FBDF-BE05-4E99-92A8-45FD750FE79D}.Release|x86.ActiveCfg = Release|Any CPU
		{D801FBDF-BE05-4E99-92A8-45FD750FE79D}.Release|x86.Build.0 = Release|Any CPU
		{52EBBC44-9074-45A4-A766-D17F8309B18E}.Debug|Any CPU.ActiveCfg = Debug|Any CPU
		{52EBBC44-9074-45A4-A766-D17F8309B18E}.Debug|Any CPU.Build.0 = Debug|Any CPU
		{52EBBC44-9074-45A4-A766-D17F8309B18E}.Debug|x64.ActiveCfg = Debug|Any CPU
		{52EBBC44-9074-45A4-A766-D17F8309B18E}.Debug|x64.Build.0 = Debug|Any CPU
		{52EBBC44-9074-45A4-A766-D17F8309B18E}.Debug|x86.ActiveCfg = Debug|Any CPU
		{52EBBC44-9074-45A4-A766-D17F8309B18E}.Debug|x86.Build.0 = Debug|Any CPU
		{52EBBC44-9074-45A4-A766-D17F8309B18E}.Release|Any CPU.ActiveCfg = Release|Any CPU
		{52EBBC44-9074-45A4-A766-D17F8309B18E}.Release|Any CPU.Build.0 = Release|Any CPU
		{52EBBC44-9074-45A4-A766-D17F8309B18E}.Release|x64.ActiveCfg = Release|Any CPU
		{52EBBC44-9074-45A4-A766-D17F8309B18E}.Release|x64.Build.0 = Release|Any CPU
		{52EBBC44-9074-45A4-A766-D17F8309B18E}.Release|x86.ActiveCfg = Release|Any CPU
		{52EBBC44-9074-45A4-A766-D17F8309B18E}.Release|x86.Build.0 = Release|Any CPU
		{4E04818D-0811-46B3-928F-E6DC93C6865E}.Debug|Any CPU.ActiveCfg = Debug|Any CPU
		{4E04818D-0811-46B3-928F-E6DC93C6865E}.Debug|Any CPU.Build.0 = Debug|Any CPU
		{4E04818D-0811-46B3-928F-E6DC93C6865E}.Debug|x64.ActiveCfg = Debug|Any CPU
		{4E04818D-0811-46B3-928F-E6DC93C6865E}.Debug|x64.Build.0 = Debug|Any CPU
		{4E04818D-0811-46B3-928F-E6DC93C6865E}.Debug|x86.ActiveCfg = Debug|Any CPU
		{4E04818D-0811-46B3-928F-E6DC93C6865E}.Debug|x86.Build.0 = Debug|Any CPU
		{4E04818D-0811-46B3-928F-E6DC93C6865E}.Release|Any CPU.ActiveCfg = Release|Any CPU
		{4E04818D-0811-46B3-928F-E6DC93C6865E}.Release|Any CPU.Build.0 = Release|Any CPU
		{4E04818D-0811-46B3-928F-E6DC93C6865E}.Release|x64.ActiveCfg = Release|Any CPU
		{4E04818D-0811-46B3-928F-E6DC93C6865E}.Release|x64.Build.0 = Release|Any CPU
		{4E04818D-0811-46B3-928F-E6DC93C6865E}.Release|x86.ActiveCfg = Release|Any CPU
		{4E04818D-0811-46B3-928F-E6DC93C6865E}.Release|x86.Build.0 = Release|Any CPU
		{CDE6CE54-EB29-495C-854C-49114AD96BBF}.Debug|Any CPU.ActiveCfg = Debug|Any CPU
		{CDE6CE54-EB29-495C-854C-49114AD96BBF}.Debug|Any CPU.Build.0 = Debug|Any CPU
		{CDE6CE54-EB29-495C-854C-49114AD96BBF}.Debug|x64.ActiveCfg = Debug|Any CPU
		{CDE6CE54-EB29-495C-854C-49114AD96BBF}.Debug|x64.Build.0 = Debug|Any CPU
		{CDE6CE54-EB29-495C-854C-49114AD96BBF}.Debug|x86.ActiveCfg = Debug|Any CPU
		{CDE6CE54-EB29-495C-854C-49114AD96BBF}.Debug|x86.Build.0 = Debug|Any CPU
		{CDE6CE54-EB29-495C-854C-49114AD96BBF}.Release|Any CPU.ActiveCfg = Release|Any CPU
		{CDE6CE54-EB29-495C-854C-49114AD96BBF}.Release|Any CPU.Build.0 = Release|Any CPU
		{CDE6CE54-EB29-495C-854C-49114AD96BBF}.Release|x64.ActiveCfg = Release|Any CPU
		{CDE6CE54-EB29-495C-854C-49114AD96BBF}.Release|x64.Build.0 = Release|Any CPU
		{CDE6CE54-EB29-495C-854C-49114AD96BBF}.Release|x86.ActiveCfg = Release|Any CPU
		{CDE6CE54-EB29-495C-854C-49114AD96BBF}.Release|x86.Build.0 = Release|Any CPU
	EndGlobalSection
EndGlobal
